// !$*UTF8*$!
{
	archiveVersion = 1;
	classes = {
	};
	objectVersion = 46;
	objects = {

/* Begin PBXBuildFile section */
		4B5DE5670D888B8AE336DED8 /* main.cpp in Sources */ = {isa = PBXBuildFile; fileRef = 4B5DEF24D1A8BA64835EECDE /* main.cpp */; };
/* End PBXBuildFile section */

/* Begin PBXCopyFilesBuildPhase section */
		4B5DE21D76BCC353C510BE54 /* CopyFiles */ = {
			isa = PBXCopyFilesBuildPhase;
			buildActionMask = 2147483647;
			dstPath = /usr/share/man/man1/;
			dstSubfolderSpec = 0;
			files = (
			);
			runOnlyForDeploymentPostprocessing = 1;
		};
/* End PBXCopyFilesBuildPhase section */

/* Begin PBXFileReference section */
		4B5DE4D5BD904B6AA9F66634 /* quicksort.1 */ = {isa = PBXFileReference; lastKnownFileType = text.man; path = quicksort.1; sourceTree = "<group>"; };
		4B5DE87759E7005A57706AFF /* quicksort */ = {isa = PBXFileReference; explicitFileType = "compiled.mach-o.executable"; includeInIndex = 0; path = quicksort; sourceTree = BUILT_PRODUCTS_DIR; };
		4B5DEF24D1A8BA64835EECDE /* main.cpp */ = {isa = PBXFileReference; lastKnownFileType = sourcecode.cpp.cpp; path = main.cpp; sourceTree = "<group>"; };
/* End PBXFileReference section */

/* Begin PBXFrameworksBuildPhase section */
		4B5DEF822ABC4DA37F27E821 /* Frameworks */ = {
			isa = PBXFrameworksBuildPhase;
			buildActionMask = 2147483647;
			files = (
			);
			runOnlyForDeploymentPostprocessing = 0;
		};
/* End PBXFrameworksBuildPhase section */

/* Begin PBXGroup section */
		4B5DE0554001ACCAE6279F87 = {
			isa = PBXGroup;
			children = (
				4B5DE2C6A01B76176A7B3C31 /* Products */,
				4B5DEC6DDA6C38BA99BADA74 /* quicksort */,
			);
			sourceTree = "<group>";
		};
		4B5DE2C6A01B76176A7B3C31 /* Products */ = {
			isa = PBXGroup;
			children = (
				4B5DE87759E7005A57706AFF /* quicksort */,
			);
			name = Products;
			sourceTree = "<group>";
		};
		4B5DEC6DDA6C38BA99BADA74 /* quicksort */ = {
			isa = PBXGroup;
			children = (
				4B5DEF24D1A8BA64835EECDE /* main.cpp */,
				4B5DE4D5BD904B6AA9F66634 /* quicksort.1 */,
			);
			path = quicksort;
			sourceTree = "<group>";
		};
/* End PBXGroup section */

/* Begin PBXNativeTarget section */
		4B5DEAA32019319A6C020C9F /* quicksort */ = {
			isa = PBXNativeTarget;
			buildConfigurationList = 4B5DEB1D1DBCB59875947F8E /* Build configuration list for PBXNativeTarget "quicksort" */;
			buildPhases = (
				4B5DE6BCA9ACE8852C2C3DA8 /* Sources */,
				4B5DEF822ABC4DA37F27E821 /* Frameworks */,
				4B5DE21D76BCC353C510BE54 /* CopyFiles */,
			);
			buildRules = (
			);
			dependencies = (
			);
			name = quicksort;
			productName = quicksort;
			productReference = 4B5DE87759E7005A57706AFF /* quicksort */;
			productType = "com.apple.product-type.tool";
		};
/* End PBXNativeTarget section */

/* Begin PBXProject section */
		4B5DE904E1D64FD0390FF576 /* Project object */ = {
			isa = PBXProject;
			attributes = {
				ORGANIZATIONNAME = david;
			};
			buildConfigurationList = 4B5DE607BF5AF25C55B93BC0 /* Build configuration list for PBXProject "quicksort" */;
			compatibilityVersion = "Xcode 3.2";
			developmentRegion = English;
			hasScannedForEncodings = 0;
			knownRegions = (
				en,
			);
			mainGroup = 4B5DE0554001ACCAE6279F87;
			productRefGroup = 4B5DE2C6A01B76176A7B3C31 /* Products */;
			projectDirPath = "";
			projectRoot = "";
			targets = (
				4B5DEAA32019319A6C020C9F /* quicksort */,
			);
		};
/* End PBXProject section */

/* Begin PBXSourcesBuildPhase section */
		4B5DE6BCA9ACE8852C2C3DA8 /* Sources */ = {
			isa = PBXSourcesBuildPhase;
			buildActionMask = 2147483647;
			files = (
				4B5DE5670D888B8AE336DED8 /* main.cpp in Sources */,
			);
			runOnlyForDeploymentPostprocessing = 0;
		};
/* End PBXSourcesBuildPhase section */

/* Begin XCBuildConfiguration section */
		4B5DE834C1584D8447A235FE /* Debug */ = {
			isa = XCBuildConfiguration;
			buildSettings = {
				PRODUCT_NAME = "$(TARGET_NAME)";
			};
			name = Debug;
		};
		4B5DEE44B79CEF423D4CA6BE /* Release */ = {
			isa = XCBuildConfiguration;
			buildSettings = {
				PRODUCT_NAME = "$(TARGET_NAME)";
			};
			name = Release;
		};
		4B5DEE7552ABF3B4F74F1C4B /* Release */ = {
			isa = XCBuildConfiguration;
			buildSettings = {
				ALWAYS_SEARCH_USER_PATHS = NO;
				CLANG_CXX_LANGUAGE_STANDARD = "gnu++0x";
				CLANG_CXX_LIBRARY = "libc++";
				CLANG_ENABLE_OBJC_ARC = YES;
				CLANG_WARN_BOOL_CONVERSION = YES;
				CLANG_WARN_CONSTANT_CONVERSION = YES;
				CLANG_WARN_DIRECT_OBJC_ISA_USAGE = YES_ERROR;
				CLANG_WARN_EMPTY_BODY = YES;
				CLANG_WARN_ENUM_CONVERSION = YES;
				CLANG_WARN_INT_CONVERSION = YES;
				CLANG_WARN_OBJC_ROOT_CLASS = YES_ERROR;
				CLANG_WARN__DUPLICATE_METHOD_MATCH = YES;
				COPY_PHASE_STRIP = YES;
				DEBUG_INFORMATION_FORMAT = "dwarf-with-dsym";
				ENABLE_NS_ASSERTIONS = NO;
				GCC_C_LANGUAGE_STANDARD = gnu99;
				GCC_ENABLE_OBJC_EXCEPTIONS = YES;
				GCC_WARN_64_TO_32_BIT_CONVERSION = YES;
				GCC_WARN_ABOUT_RETURN_TYPE = YES_ERROR;
				GCC_WARN_UNDECLARED_SELECTOR = YES;
				GCC_WARN_UNINITIALIZED_AUTOS = YES;
				GCC_WARN_UNUSED_FUNCTION = YES;
				GCC_WARN_UNUSED_VARIABLE = YES;
				MACOSX_DEPLOYMENT_TARGET = 10.9;
				SDKROOT = macosx;
			};
			name = Release;
		};
		4B5DEE78CA315C93D7FB75E8 /* Debug */ = {
			isa = XCBuildConfiguration;
			buildSettings = {
				ALWAYS_SEARCH_USER_PATHS = NO;
				CLANG_CXX_LANGUAGE_STANDARD = "gnu++0x";
				CLANG_CXX_LIBRARY = "libc++";
				CLANG_ENABLE_OBJC_ARC = YES;
				CLANG_WARN_BOOL_CONVERSION = YES;
				CLANG_WARN_CONSTANT_CONVERSION = YES;
				CLANG_WARN_DIRECT_OBJC_ISA_USAGE = YES_ERROR;
				CLANG_WARN_EMPTY_BODY = YES;
				CLANG_WARN_ENUM_CONVERSION = YES;
				CLANG_WARN_INT_CONVERSION = YES;
				CLANG_WARN_OBJC_ROOT_CLASS = YES_ERROR;
				CLANG_WARN__DUPLICATE_METHOD_MATCH = YES;
				COPY_PHASE_STRIP = NO;
				GCC_C_LANGUAGE_STANDARD = gnu99;
				GCC_DYNAMIC_NO_PIC = NO;
				GCC_ENABLE_OBJC_EXCEPTIONS = YES;
				GCC_OPTIMIZATION_LEVEL = 0;
				GCC_PREPROCESSOR_DEFINITIONS = (
					"DEBUG=1",
					"$(inherited)",
				);
				GCC_SYMBOLS_PRIVATE_EXTERN = NO;
				GCC_WARN_64_TO_32_BIT_CONVERSION = YES;
				GCC_WARN_ABOUT_RETURN_TYPE = YES_ERROR;
				GCC_WARN_UNDECLARED_SELECTOR = YES;
				GCC_WARN_UNINITIALIZED_AUTOS = YES;
				GCC_WARN_UNUSED_FUNCTION = YES;
				GCC_WARN_UNUSED_VARIABLE = YES;
				MACOSX_DEPLOYMENT_TARGET = 10.9;
				ONLY_ACTIVE_ARCH = YES;
				SDKROOT = macosx;
			};
			name = Debug;
		};
/* End XCBuildConfiguration section */

/* Begin XCConfigurationList section */
		4B5DE607BF5AF25C55B93BC0 /* Build configuration list for PBXProject "quicksort" */ = {
			isa = XCConfigurationList;
			buildConfigurations = (
				4B5DEE7552ABF3B4F74F1C4B /* Release */,
				4B5DEE78CA315C93D7FB75E8 /* Debug */,
			);
			defaultConfigurationIsVisible = 0;
			defaultConfigurationName = Release;
		};
		4B5DEB1D1DBCB59875947F8E /* Build configuration list for PBXNativeTarget "quicksort" */ = {
			isa = XCConfigurationList;
			buildConfigurations = (
				4B5DEE44B79CEF423D4CA6BE /* Release */,
				4B5DE834C1584D8447A235FE /* Debug */,
			);
			defaultConfigurationIsVisible = 0;
		};
/* End XCConfigurationList section */
	};
	rootObject = 4B5DE904E1D64FD0390FF576 /* Project object */;
}
